
Microsoft Visual Studio Solution File, Format Version 12.00
# Visual Studio 15
VisualStudioVersion = 15.0.28307.329
MinimumVisualStudioVersion = 10.0.40219.1
Project("{888888A0-9F3D-457C-B088-3A5042F75D52}") = "과제1", "과제1\과제1.pyproj", "{CAC647CF-086D-4D0B-858E-ECA5640A3301}"
EndProject
Global
	GlobalSection(SolutionConfigurationPlatforms) = preSolution
		Debug|Any CPU = Debug|Any CPU
		Release|Any CPU = Release|Any CPU
	EndGlobalSection
	GlobalSection(ProjectConfigurationPlatforms) = postSolution
		{CAC647CF-086D-4D0B-858E-ECA5640A3301}.Debug|Any CPU.ActiveCfg = Debug|Any CPU
		{CAC647CF-086D-4D0B-858E-ECA5640A3301}.Release|Any CPU.ActiveCfg = Release|Any CPU
	EndGlobalSection
	GlobalSection(SolutionProperties) = preSolution
		HideSolutionNode = FALSE
	EndGlobalSection
	GlobalSection(ExtensibilityGlobals) = postSolution
		SolutionGuid = {9E898525-DA83-4759-B976-01227BCD2F6D}
	EndGlobalSection
EndGlobal
